
Microsoft Visual Studio Solution File, Format Version 12.00
# Visual Studio Version 16
VisualStudioVersion = 16.0.32929.386
MinimumVisualStudioVersion = 10.0.40219.1
Project("{FAE04EC0-301F-11D3-BF4B-00C04F79EFBC}") = "Tiendita el gran malo", "Tiendita el gran malo\Tiendita el gran malo.csproj", "{E767D125-3680-436C-A1D2-FB44D9F9EDEF}"
EndProject
Global
	GlobalSection(SolutionConfigurationPlatforms) = preSolution
		Debug|Any CPU = Debug|Any CPU
		Release|Any CPU = Release|Any CPU
	EndGlobalSection
	GlobalSection(ProjectConfigurationPlatforms) = postSolution
		{E767D125-3680-436C-A1D2-FB44D9F9EDEF}.Debug|Any CPU.ActiveCfg = Debug|Any CPU
		{E767D125-3680-436C-A1D2-FB44D9F9EDEF}.Debug|Any CPU.Build.0 = Debug|Any CPU
		{E767D125-3680-436C-A1D2-FB44D9F9EDEF}.Release|Any CPU.ActiveCfg = Release|Any CPU
		{E767D125-3680-436C-A1D2-FB44D9F9EDEF}.Release|Any CPU.Build.0 = Release|Any CPU
	EndGlobalSection
	GlobalSection(SolutionProperties) = preSolution
		HideSolutionNode = FALSE
	EndGlobalSection
	GlobalSection(ExtensibilityGlobals) = postSolution
		SolutionGuid = {C24241E8-67AF-4FC3-912C-809E05A28A9E}
	EndGlobalSection
EndGlobal
